
Microsoft Visual Studio Solution File, Format Version 12.00
# Visual Studio 15
VisualStudioVersion = 15.0.28307.329
MinimumVisualStudioVersion = 10.0.40219.1
Project("{E24C65DC-7377-472B-9ABA-BC803B73C61A}") = "ExamOnline", "ExamOnline\", "{82067E5B-A517-4C68-8736-9A722A57F220}"
	ProjectSection(WebsiteProperties) = preProject
		TargetFrameworkMoniker = ".NETFramework,Version%3Dv4.6.1"
		Debug.AspNetCompiler.VirtualPath = "/localhost_9196"
		Debug.AspNetCompiler.PhysicalPath = "ExamOnline\"
		Debug.AspNetCompiler.TargetPath = "PrecompiledWeb\localhost_9196\"
		Debug.AspNetCompiler.Updateable = "true"
		Debug.AspNetCompiler.ForceOverwrite = "true"
		Debug.AspNetCompiler.FixedNames = "false"
		Debug.AspNetCompiler.Debug = "True"
		Release.AspNetCompiler.VirtualPath = "/localhost_9196"
		Release.AspNetCompiler.PhysicalPath = "ExamOnline\"
		Release.AspNetCompiler.TargetPath = "PrecompiledWeb\localhost_9196\"
		Release.AspNetCompiler.Updateable = "true"
		Release.AspNetCompiler.ForceOverwrite = "true"
		Release.AspNetCompiler.FixedNames = "false"
		Release.AspNetCompiler.Debug = "False"
		VWDPort = "9196"
		SlnRelativePath = "ExamOnline\"
		DefaultWebSiteLanguage = "Visual C#"
	EndProjectSection
EndProject
Global
	GlobalSection(SolutionConfigurationPlatforms) = preSolution
		Debug|Any CPU = Debug|Any CPU
	EndGlobalSection
	GlobalSection(ProjectConfigurationPlatforms) = postSolution
		{82067E5B-A517-4C68-8736-9A722A57F220}.Debug|Any CPU.ActiveCfg = Debug|Any CPU
		{82067E5B-A517-4C68-8736-9A722A57F220}.Debug|Any CPU.Build.0 = Debug|Any CPU
	EndGlobalSection
	GlobalSection(SolutionProperties) = preSolution
		HideSolutionNode = FALSE
	EndGlobalSection
	GlobalSection(ExtensibilityGlobals) = postSolution
		SolutionGuid = {B561EA3E-0AF7-437B-98DF-F5A5852D853F}
	EndGlobalSection
EndGlobal
